{
	"name": "@cafe/cafe-build-utilities",
	"version": "1.0.0",
	"lockfileVersion": 1,
	"requires": true,
	"dependencies": {
		"@types/jasmine": {
			"version": "2.8.16",
			"resolved": "https://registry.npmjs.org/@types/jasmine/-/jasmine-2.8.16.tgz",
			"integrity": "sha512-056oRlBBp7MDzr+HoU5su099s/s7wjZ3KcHxLfv+Byqb9MwdLUvsfLgw1VS97hsh3ddxSPyQu+olHMnoVTUY6g==",
			"dev": true
		},
		"app-root-path": {
			"version": "2.2.1",
			"resolved": "https://registry.npmjs.org/app-root-path/-/app-root-path-2.2.1.tgz",
			"integrity": "sha512-91IFKeKk7FjfmezPKkwtaRvSpnUc4gDwPAjA1YZ9Gn0q0PPeW+vbeUsZuyDwjI7+QTHhcLen2v25fi/AmhvbJA=="
		},
		"codelyzer": {
			"version": "5.1.2",
			"resolved": "https://registry.npmjs.org/codelyzer/-/codelyzer-5.1.2.tgz",
			"integrity": "sha512-1z7mtpwxcz5uUqq0HLO0ifj/tz2dWEmeaK+8c5TEZXAwwVxrjjg0118ODCOCCOcpfYaaEHxStNCaWVYo9FUPXw==",
			"dev": true,
			"requires": {
				"app-root-path": "^2.2.1",
				"aria-query": "^3.0.0",
				"axobject-query": "^2.0.2",
				"css-selector-tokenizer": "^0.7.1",
				"cssauron": "^1.4.0",
				"damerau-levenshtein": "^1.0.4",
				"semver-dsl": "^1.0.1",
				"source-map": "^0.5.7",
				"sprintf-js": "^1.1.2"
			},
			"dependencies": {
				"app-root-path": {
					"version": "2.2.1",
					"resolved": "https://registry.npmjs.org/app-root-path/-/app-root-path-2.2.1.tgz",
					"integrity": "sha512-91IFKeKk7FjfmezPKkwtaRvSpnUc4gDwPAjA1YZ9Gn0q0PPeW+vbeUsZuyDwjI7+QTHhcLen2v25fi/AmhvbJA==",
					"dev": true
				},
				"aria-query": {
					"version": "3.0.0",
					"resolved": "https://registry.npmjs.org/aria-query/-/aria-query-3.0.0.tgz",
					"integrity": "sha1-ZbP8wcoRVajJrmTW7uKX8V1RM8w=",
					"dev": true,
					"requires": {
						"ast-types-flow": "0.0.7",
						"commander": "^2.11.0"
					}
				},
				"ast-types-flow": {
					"version": "0.0.7",
					"resolved": "https://registry.npmjs.org/ast-types-flow/-/ast-types-flow-0.0.7.tgz",
					"integrity": "sha1-9wtzXGvKGlycItmCw+Oef+ujva0=",
					"dev": true
				},
				"axobject-query": {
					"version": "2.0.2",
					"resolved": "https://registry.npmjs.org/axobject-query/-/axobject-query-2.0.2.tgz",
					"integrity": "sha512-MCeek8ZH7hKyO1rWUbKNQBbl4l2eY0ntk7OGi+q0RlafrCnfPxC06WZA+uebCfmYp4mNU9jRBP1AhGyf8+W3ww==",
					"dev": true,
					"requires": {
						"ast-types-flow": "0.0.7"
					}
				},
				"commander": {
					"version": "2.20.3",
					"resolved": "https://registry.npmjs.org/commander/-/commander-2.20.3.tgz",
					"integrity": "sha512-GpVkmM8vF2vQUkj2LvZmD35JxeJOLCwJ9cUkugyk2nuhbv3+mJvpLYYt+0+USMxE+oj+ey/lJEnhZw75x/OMcQ==",
					"dev": true
				},
				"css-selector-tokenizer": {
					"version": "0.7.1",
					"resolved": "https://registry.npmjs.org/css-selector-tokenizer/-/css-selector-tokenizer-0.7.1.tgz",
					"integrity": "sha512-xYL0AMZJ4gFzJQsHUKa5jiWWi2vH77WVNg7JYRyewwj6oPh4yb/y6Y9ZCw9dsj/9UauMhtuxR+ogQd//EdEVNA==",
					"dev": true,
					"requires": {
						"cssesc": "^0.1.0",
						"fastparse": "^1.1.1",
						"regexpu-core": "^1.0.0"
					}
				},
				"cssauron": {
					"version": "1.4.0",
					"resolved": "https://registry.npmjs.org/cssauron/-/cssauron-1.4.0.tgz",
					"integrity": "sha1-pmAt/34EqDBtwNuaVR6S6LVmKtg=",
					"dev": true,
					"requires": {
						"through": "X.X.X"
					}
				},
				"cssesc": {
					"version": "0.1.0",
					"resolved": "https://registry.npmjs.org/cssesc/-/cssesc-0.1.0.tgz",
					"integrity": "sha1-yBSQPkViM3GgR3tAEJqq++6t27Q=",
					"dev": true
				},
				"damerau-levenshtein": {
					"version": "1.0.5",
					"resolved": "https://registry.npmjs.org/damerau-levenshtein/-/damerau-levenshtein-1.0.5.tgz",
					"integrity": "sha512-CBCRqFnpu715iPmw1KrdOrzRqbdFwQTwAWyyyYS42+iAgHCuXZ+/TdMgQkUENPomxEz9z1BEzuQU2Xw0kUuAgA==",
					"dev": true
				},
				"fastparse": {
					"version": "1.1.2",
					"resolved": "https://registry.npmjs.org/fastparse/-/fastparse-1.1.2.tgz",
					"integrity": "sha512-483XLLxTVIwWK3QTrMGRqUfUpoOs/0hbQrl2oz4J0pAcm3A3bu84wxTFqGqkJzewCLdME38xJLJAxBABfQT8sQ==",
					"dev": true
				},
				"jsesc": {
					"version": "0.5.0",
					"resolved": "https://registry.npmjs.org/jsesc/-/jsesc-0.5.0.tgz",
					"integrity": "sha1-597mbjXW/Bb3EP6R1c9p9w8IkR0=",
					"dev": true
				},
				"regenerate": {
					"version": "1.4.0",
					"resolved": "https://registry.npmjs.org/regenerate/-/regenerate-1.4.0.tgz",
					"integrity": "sha512-1G6jJVDWrt0rK99kBjvEtziZNCICAuvIPkSiUFIQxVP06RCVpq3dmDo2oi6ABpYaDYaTRr67BEhL8r1wgEZZKg==",
					"dev": true
				},
				"regexpu-core": {
					"version": "1.0.0",
					"resolved": "https://registry.npmjs.org/regexpu-core/-/regexpu-core-1.0.0.tgz",
					"integrity": "sha1-hqdj9Y7k18L2sQLkdkBQ3n7ZDGs=",
					"dev": true,
					"requires": {
						"regenerate": "^1.2.1",
						"regjsgen": "^0.2.0",
						"regjsparser": "^0.1.4"
					}
				},
				"regjsgen": {
					"version": "0.2.0",
					"resolved": "https://registry.npmjs.org/regjsgen/-/regjsgen-0.2.0.tgz",
					"integrity": "sha1-bAFq3qxVT3WCP+N6wFuS1aTtsfc=",
					"dev": true
				},
				"regjsparser": {
					"version": "0.1.5",
					"resolved": "https://registry.npmjs.org/regjsparser/-/regjsparser-0.1.5.tgz",
					"integrity": "sha1-fuj4Tcb6eS0/0K4ijSS9lJ6tIFw=",
					"dev": true,
					"requires": {
						"jsesc": "~0.5.0"
					}
				},
				"semver": {
					"version": "5.7.1",
					"resolved": "https://registry.npmjs.org/semver/-/semver-5.7.1.tgz",
					"integrity": "sha512-sauaDf/PZdVgrLTNYHRtpXa1iRiKcaebiKQ1BJdpQlWH2lCvexQdX55snPFyK7QzpudqbCI0qXFfOasHdyNDGQ==",
					"dev": true
				},
				"semver-dsl": {
					"version": "1.0.1",
					"resolved": "https://registry.npmjs.org/semver-dsl/-/semver-dsl-1.0.1.tgz",
					"integrity": "sha1-02eN5VVeimH2Ke7QJTZq5fJzQKA=",
					"dev": true,
					"requires": {
						"semver": "^5.3.0"
					}
				},
				"source-map": {
					"version": "0.5.7",
					"resolved": "https://registry.npmjs.org/source-map/-/source-map-0.5.7.tgz",
					"integrity": "sha1-igOdLRAh0i0eoUyA2OpGi6LvP8w=",
					"dev": true
				},
				"sprintf-js": {
					"version": "1.1.2",
					"resolved": "https://registry.npmjs.org/sprintf-js/-/sprintf-js-1.1.2.tgz",
					"integrity": "sha512-VE0SOVEHCk7Qc8ulkWw3ntAzXuqf7S2lvwQaDLRnUeIEaKNQJzV6BwmLKhOqT61aGhfUMrXeaBk+oDGCzvhcug==",
					"dev": true
				},
				"through": {
					"version": "2.3.8",
					"resolved": "https://registry.npmjs.org/through/-/through-2.3.8.tgz",
					"integrity": "sha1-DdTJ/6q8NXlgsbckEV1+Doai4fU=",
					"dev": true
				}
			}
		},
		"json-schema-to-typescript": {
			"version": "6.1.3",
			"resolved": "https://registry.npmjs.org/json-schema-to-typescript/-/json-schema-to-typescript-6.1.3.tgz",
			"integrity": "sha512-6nG2EPSyu3Po0FYsMEw/RpJDd6dqBr8DYIbqPZsxrRFE8g0Mxzbt6L6vlKJYrcPe9707INivn4NPJfemlXSLKw==",
			"requires": {
				"@types/cli-color": "^0.3.29",
				"@types/json-schema": "^7.0.3",
				"@types/lodash": "^4.14.121",
				"@types/minimist": "^1.2.0",
				"@types/mz": "0.0.32",
				"@types/node": "^11.10.4",
				"@types/prettier": "^1.16.1",
				"cli-color": "^1.4.0",
				"json-schema-ref-parser": "^6.1.0",
				"json-stringify-safe": "^5.0.1",
				"lodash": "^4.17.11",
				"minimist": "^1.2.0",
				"mz": "^2.7.0",
				"prettier": "^1.16.4",
				"stdin": "0.0.1"
			},
			"dependencies": {
				"@types/cli-color": {
					"version": "0.3.29",
					"resolved": "https://registry.npmjs.org/@types/cli-color/-/cli-color-0.3.29.tgz",
					"integrity": "sha1-yDpx/gLIx+HM7ASN1qJFjR9sluo="
				},
				"@types/json-schema": {
					"version": "7.0.3",
					"resolved": "https://registry.npmjs.org/@types/json-schema/-/json-schema-7.0.3.tgz",
					"integrity": "sha512-Il2DtDVRGDcqjDtE+rF8iqg1CArehSK84HZJCT7AMITlyXRBpuPhqGLDQMowraqqu1coEaimg4ZOqggt6L6L+A=="
				},
				"@types/lodash": {
					"version": "4.14.144",
					"resolved": "https://registry.npmjs.org/@types/lodash/-/lodash-4.14.144.tgz",
					"integrity": "sha512-ogI4g9W5qIQQUhXAclq6zhqgqNUr7UlFaqDHbch7WLSLeeM/7d3CRaw7GLajxvyFvhJqw4Rpcz5bhoaYtIx6Tg=="
				},
				"@types/minimist": {
					"version": "1.2.0",
					"resolved": "https://registry.npmjs.org/@types/minimist/-/minimist-1.2.0.tgz",
					"integrity": "sha1-aaI6OtKcrwCX8G7aWbNh7i8GOfY="
				},
				"@types/mz": {
					"version": "0.0.32",
					"resolved": "https://registry.npmjs.org/@types/mz/-/mz-0.0.32.tgz",
					"integrity": "sha512-cy3yebKhrHuOcrJGkfwNHhpTXQLgmXSv1BX+4p32j+VUQ6aP2eJ5cL7OvGcAQx75fCTFaAIIAKewvqL+iwSd4g==",
					"requires": {
						"@types/node": "*"
					}
				},
				"@types/node": {
					"version": "11.13.22",
					"resolved": "https://registry.npmjs.org/@types/node/-/node-11.13.22.tgz",
					"integrity": "sha512-rOsaPRUGTOXbRBOKToy4cgZXY4Y+QSVhxcLwdEveozbk7yuudhWMpxxcaXqYizLMP3VY7OcWCFtx9lGFh5j5kg=="
				},
				"@types/prettier": {
					"version": "1.18.3",
					"resolved": "https://registry.npmjs.org/@types/prettier/-/prettier-1.18.3.tgz",
					"integrity": "sha512-48rnerQdcZ26odp+HOvDGX8IcUkYOCuMc2BodWYTe956MqkHlOGAG4oFQ83cjZ0a4GAgj7mb4GUClxYd2Hlodg=="
				},
				"ansi-regex": {
					"version": "2.1.1",
					"resolved": "https://registry.npmjs.org/ansi-regex/-/ansi-regex-2.1.1.tgz",
					"integrity": "sha1-w7M6te42DYbg5ijwRorn7yfWVN8="
				},
				"any-promise": {
					"version": "1.3.0",
					"resolved": "https://registry.npmjs.org/any-promise/-/any-promise-1.3.0.tgz",
					"integrity": "sha1-q8av7tzqUugJzcA3au0845Y10X8="
				},
				"argparse": {
					"version": "1.0.10",
					"resolved": "https://registry.npmjs.org/argparse/-/argparse-1.0.10.tgz",
					"integrity": "sha512-o5Roy6tNG4SL/FOkCAN6RzjiakZS25RLYFrcMttJqbdd8BWrnA+fGz57iN5Pb06pvBGvl5gQ0B48dJlslXvoTg==",
					"requires": {
						"sprintf-js": "~1.0.2"
					}
				},
				"call-me-maybe": {
					"version": "1.0.1",
					"resolved": "https://registry.npmjs.org/call-me-maybe/-/call-me-maybe-1.0.1.tgz",
					"integrity": "sha1-JtII6onje1y95gJQoV8DHBak1ms="
				},
				"cli-color": {
					"version": "1.4.0",
					"resolved": "https://registry.npmjs.org/cli-color/-/cli-color-1.4.0.tgz",
					"integrity": "sha512-xu6RvQqqrWEo6MPR1eixqGPywhYBHRs653F9jfXB2Hx4jdM/3WxiNE1vppRmxtMIfl16SFYTpYlrnqH/HsK/2w==",
					"requires": {
						"ansi-regex": "^2.1.1",
						"d": "1",
						"es5-ext": "^0.10.46",
						"es6-iterator": "^2.0.3",
						"memoizee": "^0.4.14",
						"timers-ext": "^0.1.5"
					}
				},
				"d": {
					"version": "1.0.1",
					"resolved": "https://registry.npmjs.org/d/-/d-1.0.1.tgz",
					"integrity": "sha512-m62ShEObQ39CfralilEQRjH6oAMtNCV1xJyEx5LpRYUVN+EviphDgUc/F3hnYbADmkiNs67Y+3ylmlG7Lnu+FA==",
					"requires": {
						"es5-ext": "^0.10.50",
						"type": "^1.0.1"
					}
				},
				"es5-ext": {
					"version": "0.10.51",
					"resolved": "https://registry.npmjs.org/es5-ext/-/es5-ext-0.10.51.tgz",
					"integrity": "sha512-oRpWzM2WcLHVKpnrcyB7OW8j/s67Ba04JCm0WnNv3RiABSvs7mrQlutB8DBv793gKcp0XENR8Il8WxGTlZ73gQ==",
					"requires": {
						"es6-iterator": "~2.0.3",
						"es6-symbol": "~3.1.1",
						"next-tick": "^1.0.0"
					}
				},
				"es6-iterator": {
					"version": "2.0.3",
					"resolved": "https://registry.npmjs.org/es6-iterator/-/es6-iterator-2.0.3.tgz",
					"integrity": "sha1-p96IkUGgWpSwhUQDstCg+/qY87c=",
					"requires": {
						"d": "1",
						"es5-ext": "^0.10.35",
						"es6-symbol": "^3.1.1"
					}
				},
				"es6-symbol": {
					"version": "3.1.2",
					"resolved": "https://registry.npmjs.org/es6-symbol/-/es6-symbol-3.1.2.tgz",
					"integrity": "sha512-/ZypxQsArlv+KHpGvng52/Iz8by3EQPxhmbuz8yFG89N/caTFBSbcXONDw0aMjy827gQg26XAjP4uXFvnfINmQ==",
					"requires": {
						"d": "^1.0.1",
						"es5-ext": "^0.10.51"
					}
				},
				"es6-weak-map": {
					"version": "2.0.3",
					"resolved": "https://registry.npmjs.org/es6-weak-map/-/es6-weak-map-2.0.3.tgz",
					"integrity": "sha512-p5um32HOTO1kP+w7PRnB+5lQ43Z6muuMuIMffvDN8ZB4GcnjLBV6zGStpbASIMk4DCAvEaamhe2zhyCb/QXXsA==",
					"requires": {
						"d": "1",
						"es5-ext": "^0.10.46",
						"es6-iterator": "^2.0.3",
						"es6-symbol": "^3.1.1"
					}
				},
				"esprima": {
					"version": "4.0.1",
					"resolved": "https://registry.npmjs.org/esprima/-/esprima-4.0.1.tgz",
					"integrity": "sha512-eGuFFw7Upda+g4p+QHvnW0RyTX/SVeJBDM/gCtMARO0cLuT2HcEKnTPvhjV6aGeqrCB/sbNop0Kszm0jsaWU4A=="
				},
				"event-emitter": {
					"version": "0.3.5",
					"resolved": "https://registry.npmjs.org/event-emitter/-/event-emitter-0.3.5.tgz",
					"integrity": "sha1-34xp7vFkeSPHFXuc6DhAYQsCzDk=",
					"requires": {
						"d": "1",
						"es5-ext": "~0.10.14"
					}
				},
				"format-util": {
					"version": "1.0.3",
					"resolved": "https://registry.npmjs.org/format-util/-/format-util-1.0.3.tgz",
					"integrity": "sha1-Ay3KShFiYqEsQ/TD7IVmQWxbLZU="
				},
				"is-promise": {
					"version": "2.1.0",
					"resolved": "https://registry.npmjs.org/is-promise/-/is-promise-2.1.0.tgz",
					"integrity": "sha1-eaKp7OfwlugPNtKy87wWwf9L8/o="
				},
				"js-yaml": {
					"version": "3.13.1",
					"resolved": "https://registry.npmjs.org/js-yaml/-/js-yaml-3.13.1.tgz",
					"integrity": "sha512-YfbcO7jXDdyj0DGxYVSlSeQNHbD7XPWvrVWeVUujrQEoZzWJIRrCPoyk6kL6IAjAG2IolMK4T0hNUe0HOUs5Jw==",
					"requires": {
						"argparse": "^1.0.7",
						"esprima": "^4.0.0"
					}
				},
				"json-schema-ref-parser": {
					"version": "6.1.0",
					"resolved": "https://registry.npmjs.org/json-schema-ref-parser/-/json-schema-ref-parser-6.1.0.tgz",
					"integrity": "sha512-pXe9H1m6IgIpXmE5JSb8epilNTGsmTb2iPohAXpOdhqGFbQjNeHHsZxU+C8w6T81GZxSPFLeUoqDJmzxx5IGuw==",
					"requires": {
						"call-me-maybe": "^1.0.1",
						"js-yaml": "^3.12.1",
						"ono": "^4.0.11"
					}
				},
				"json-stringify-safe": {
					"version": "5.0.1",
					"resolved": "https://registry.npmjs.org/json-stringify-safe/-/json-stringify-safe-5.0.1.tgz",
					"integrity": "sha1-Epai1Y/UXxmg9s4B1lcB4sc1tus="
				},
				"lodash": {
					"version": "4.17.15",
					"resolved": "https://registry.npmjs.org/lodash/-/lodash-4.17.15.tgz",
					"integrity": "sha512-8xOcRHvCjnocdS5cpwXQXVzmmh5e5+saE2QGoeQmbKmRS6J3VQppPOIt0MnmE+4xlZoumy0GPG0D0MVIQbNA1A=="
				},
				"lru-queue": {
					"version": "0.1.0",
					"resolved": "https://registry.npmjs.org/lru-queue/-/lru-queue-0.1.0.tgz",
					"integrity": "sha1-Jzi9nw089PhEkMVzbEhpmsYyzaM=",
					"requires": {
						"es5-ext": "~0.10.2"
					}
				},
				"memoizee": {
					"version": "0.4.14",
					"resolved": "https://registry.npmjs.org/memoizee/-/memoizee-0.4.14.tgz",
					"integrity": "sha512-/SWFvWegAIYAO4NQMpcX+gcra0yEZu4OntmUdrBaWrJncxOqAziGFlHxc7yjKVK2uu3lpPW27P27wkR82wA8mg==",
					"requires": {
						"d": "1",
						"es5-ext": "^0.10.45",
						"es6-weak-map": "^2.0.2",
						"event-emitter": "^0.3.5",
						"is-promise": "^2.1",
						"lru-queue": "0.1",
						"next-tick": "1",
						"timers-ext": "^0.1.5"
					}
				},
				"minimist": {
					"version": "1.2.0",
					"resolved": "https://registry.npmjs.org/minimist/-/minimist-1.2.0.tgz",
					"integrity": "sha1-o1AIsg9BOD7sH7kU9M1d95omQoQ="
				},
				"mz": {
					"version": "2.7.0",
					"resolved": "https://registry.npmjs.org/mz/-/mz-2.7.0.tgz",
					"integrity": "sha512-z81GNO7nnYMEhrGh9LeymoE4+Yr0Wn5McHIZMK5cfQCl+NDX08sCZgUc9/6MHni9IWuFLm1Z3HTCXu2z9fN62Q==",
					"requires": {
						"any-promise": "^1.0.0",
						"object-assign": "^4.0.1",
						"thenify-all": "^1.0.0"
					}
				},
				"next-tick": {
					"version": "1.0.0",
					"resolved": "https://registry.npmjs.org/next-tick/-/next-tick-1.0.0.tgz",
					"integrity": "sha1-yobR/ogoFpsBICCOPchCS524NCw="
				},
				"object-assign": {
					"version": "4.1.1",
					"resolved": "https://registry.npmjs.org/object-assign/-/object-assign-4.1.1.tgz",
					"integrity": "sha1-IQmtx5ZYh8/AXLvUQsrIv7s2CGM="
				},
				"ono": {
					"version": "4.0.11",
					"resolved": "https://registry.npmjs.org/ono/-/ono-4.0.11.tgz",
					"integrity": "sha512-jQ31cORBFE6td25deYeD80wxKBMj+zBmHTrVxnc6CKhx8gho6ipmWM5zj/oeoqioZ99yqBls9Z/9Nss7J26G2g==",
					"requires": {
						"format-util": "^1.0.3"
					}
				},
				"prettier": {
					"version": "1.18.2",
					"resolved": "https://registry.npmjs.org/prettier/-/prettier-1.18.2.tgz",
					"integrity": "sha512-OeHeMc0JhFE9idD4ZdtNibzY0+TPHSpSSb9h8FqtP+YnoZZ1sl8Vc9b1sasjfymH3SonAF4QcA2+mzHPhMvIiw=="
				},
				"sprintf-js": {
					"version": "1.0.3",
					"resolved": "https://registry.npmjs.org/sprintf-js/-/sprintf-js-1.0.3.tgz",
					"integrity": "sha1-BOaSb2YolTVPPdAVIDYzuFcpfiw="
				},
				"stdin": {
					"version": "0.0.1",
					"resolved": "https://registry.npmjs.org/stdin/-/stdin-0.0.1.tgz",
					"integrity": "sha1-0wQZgarsPf28d6GzjWNy449ftx4="
				},
				"thenify": {
					"version": "3.3.0",
					"resolved": "https://registry.npmjs.org/thenify/-/thenify-3.3.0.tgz",
					"integrity": "sha1-5p44obq+lpsBCCB5eLn2K4hgSDk=",
					"requires": {
						"any-promise": "^1.0.0"
					}
				},
				"thenify-all": {
					"version": "1.6.0",
					"resolved": "https://registry.npmjs.org/thenify-all/-/thenify-all-1.6.0.tgz",
					"integrity": "sha1-GhkY1ALY/D+Y+/I02wvMjMEOlyY=",
					"requires": {
						"thenify": ">= 3.1.0 < 4"
					}
				},
				"timers-ext": {
					"version": "0.1.7",
					"resolved": "https://registry.npmjs.org/timers-ext/-/timers-ext-0.1.7.tgz",
					"integrity": "sha512-b85NUNzTSdodShTIbky6ZF02e8STtVVfD+fu4aXXShEELpozH+bCpJLYMPZbsABN2wDH7fJpqIoXxJpzbf0NqQ==",
					"requires": {
						"es5-ext": "~0.10.46",
						"next-tick": "1"
					}
				},
				"type": {
					"version": "1.2.0",
					"resolved": "https://registry.npmjs.org/type/-/type-1.2.0.tgz",
					"integrity": "sha512-+5nt5AAniqsCnu2cEQQdpzCAh33kVx8n0VoFidKpB1dVVLAN/F+bgVOqOJqOnEnrhp222clB5p3vUlD+1QAnfg=="
				}
			}
		},
		"sync-request": {
			"version": "6.1.0",
			"resolved": "https://registry.npmjs.org/sync-request/-/sync-request-6.1.0.tgz",
			"integrity": "sha512-8fjNkrNlNCrVc/av+Jn+xxqfCjYaBoHqCsDz6mt030UMxJGr+GSfCV1dQt2gRtlL63+VPidwDVLr7V2OcTSdRw==",
			"requires": {
				"http-response-object": "^3.0.1",
				"sync-rpc": "^1.2.1",
				"then-request": "^6.0.0"
			},
			"dependencies": {
				"@types/concat-stream": {
					"version": "1.6.0",
					"resolved": "https://registry.npmjs.org/@types/concat-stream/-/concat-stream-1.6.0.tgz",
					"integrity": "sha1-OU2+C7X+5Gs42JZzXoto7yOQ0A0=",
					"requires": {
						"@types/node": "*"
					}
				},
				"@types/form-data": {
					"version": "0.0.33",
					"resolved": "https://registry.npmjs.org/@types/form-data/-/form-data-0.0.33.tgz",
					"integrity": "sha1-yayFsqX9GENbjIXZ7LUObWyJP/g=",
					"requires": {
						"@types/node": "*"
					}
				},
				"@types/node": {
					"version": "10.14.22",
					"resolved": "https://registry.npmjs.org/@types/node/-/node-10.14.22.tgz",
					"integrity": "sha512-9taxKC944BqoTVjE+UT3pQH0nHZlTvITwfsOZqyc+R3sfJuxaTtxWjfn1K2UlxyPcKHf0rnaXcVFrS9F9vf0bw=="
				},
				"@types/qs": {
					"version": "6.5.3",
					"resolved": "https://registry.npmjs.org/@types/qs/-/qs-6.5.3.tgz",
					"integrity": "sha512-Jugo5V/1bS0fRhy2z8+cUAHEyWOATaz4rbyLVvcFs7+dXp5HfwpEwzF1Q11bB10ApUqHf+yTauxI0UXQDwGrbA=="
				},
				"asap": {
					"version": "2.0.6",
					"resolved": "https://registry.npmjs.org/asap/-/asap-2.0.6.tgz",
					"integrity": "sha1-5QNHYR1+aQlDIIu9r+vLwvuGbUY="
				},
				"asynckit": {
					"version": "0.4.0",
					"resolved": "https://registry.npmjs.org/asynckit/-/asynckit-0.4.0.tgz",
					"integrity": "sha1-x57Zf380y48robyXkLzDZkdLS3k="
				},
				"buffer-from": {
					"version": "1.1.1",
					"resolved": "https://registry.npmjs.org/buffer-from/-/buffer-from-1.1.1.tgz",
					"integrity": "sha512-MQcXEUbCKtEo7bhqEs6560Hyd4XaovZlO/k9V3hjVUF/zwW7KBVdSK4gIt/bzwS9MbR5qob+F5jusZsb0YQK2A=="
				},
				"caseless": {
					"version": "0.12.0",
					"resolved": "https://registry.npmjs.org/caseless/-/caseless-0.12.0.tgz",
					"integrity": "sha1-G2gcIf+EAzyCZUMJBolCDRhxUdw="
				},
				"combined-stream": {
					"version": "1.0.8",
					"resolved": "https://registry.npmjs.org/combined-stream/-/combined-stream-1.0.8.tgz",
					"integrity": "sha512-FQN4MRfuJeHf7cBbBMJFXhKSDq+2kAArBlmRBvcvFE5BB1HZKXtSFASDhdlz9zOYwxh8lDdnvmMOe/+5cdoEdg==",
					"requires": {
						"delayed-stream": "~1.0.0"
					}
				},
				"concat-stream": {
					"version": "1.6.2",
					"resolved": "https://registry.npmjs.org/concat-stream/-/concat-stream-1.6.2.tgz",
					"integrity": "sha512-27HBghJxjiZtIk3Ycvn/4kbJk/1uZuJFfuPEns6LaEvpvG1f0hTea8lilrouyo9mVc2GWdcEZ8OLoGmSADlrCw==",
					"requires": {
						"buffer-from": "^1.0.0",
						"inherits": "^2.0.3",
						"readable-stream": "^2.2.2",
						"typedarray": "^0.0.6"
					}
				},
				"core-util-is": {
					"version": "1.0.2",
					"resolved": "https://registry.npmjs.org/core-util-is/-/core-util-is-1.0.2.tgz",
					"integrity": "sha1-tf1UIgqivFq1eqtxQMlAdUUDwac="
				},
				"delayed-stream": {
					"version": "1.0.0",
					"resolved": "https://registry.npmjs.org/delayed-stream/-/delayed-stream-1.0.0.tgz",
					"integrity": "sha1-3zrhmayt+31ECqrgsp4icrJOxhk="
				},
				"form-data": {
					"version": "2.5.1",
					"resolved": "https://registry.npmjs.org/form-data/-/form-data-2.5.1.tgz",
					"integrity": "sha512-m21N3WOmEEURgk6B9GLOE4RuWOFf28Lhh9qGYeNlGq4VDXUlJy2th2slBNU8Gp8EzloYZOibZJ7t5ecIrFSjVA==",
					"requires": {
						"asynckit": "^0.4.0",
						"combined-stream": "^1.0.6",
						"mime-types": "^2.1.12"
					}
				},
				"get-port": {
					"version": "3.2.0",
					"resolved": "https://registry.npmjs.org/get-port/-/get-port-3.2.0.tgz",
					"integrity": "sha1-3Xzn3hh8Bsi/NTeWrHHgmfCYDrw="
				},
				"http-basic": {
					"version": "8.1.3",
					"resolved": "https://registry.npmjs.org/http-basic/-/http-basic-8.1.3.tgz",
					"integrity": "sha512-/EcDMwJZh3mABI2NhGfHOGOeOZITqfkEO4p/xK+l3NpyncIHUQBoMvCSF/b5GqvKtySC2srL/GGG3+EtlqlmCw==",
					"requires": {
						"caseless": "^0.12.0",
						"concat-stream": "^1.6.2",
						"http-response-object": "^3.0.1",
						"parse-cache-control": "^1.0.1"
					}
				},
				"http-response-object": {
					"version": "3.0.2",
					"resolved": "https://registry.npmjs.org/http-response-object/-/http-response-object-3.0.2.tgz",
					"integrity": "sha512-bqX0XTF6fnXSQcEJ2Iuyr75yVakyjIDCqroJQ/aHfSdlM743Cwqoi2nDYMzLGWUcuTWGWy8AAvOKXTfiv6q9RA==",
					"requires": {
						"@types/node": "^10.0.3"
					}
				},
				"inherits": {
					"version": "2.0.4",
					"resolved": "https://registry.npmjs.org/inherits/-/inherits-2.0.4.tgz",
					"integrity": "sha512-k/vGaX4/Yla3WzyMCvTQOXYeIHvqOKtnqBduzTHpzpQZzAskKMhZ2K+EnBiSM9zGSoIFeMpXKxa4dYeZIQqewQ=="
				},
				"isarray": {
					"version": "1.0.0",
					"resolved": "https://registry.npmjs.org/isarray/-/isarray-1.0.0.tgz",
					"integrity": "sha1-u5NdSFgsuhaMBoNJV6VKPgcSTxE="
				},
				"mime-db": {
					"version": "1.40.0",
					"resolved": "https://registry.npmjs.org/mime-db/-/mime-db-1.40.0.tgz",
					"integrity": "sha512-jYdeOMPy9vnxEqFRRo6ZvTZ8d9oPb+k18PKoYNYUe2stVEBPPwsln/qWzdbmaIvnhZ9v2P+CuecK+fpUfsV2mA=="
				},
				"mime-types": {
					"version": "2.1.24",
					"resolved": "https://registry.npmjs.org/mime-types/-/mime-types-2.1.24.tgz",
					"integrity": "sha512-WaFHS3MCl5fapm3oLxU4eYDw77IQM2ACcxQ9RIxfaC3ooc6PFuBMGZZsYpvoXS5D5QTWPieo1jjLdAm3TBP3cQ==",
					"requires": {
						"mime-db": "1.40.0"
					}
				},
				"parse-cache-control": {
					"version": "1.0.1",
					"resolved": "https://registry.npmjs.org/parse-cache-control/-/parse-cache-control-1.0.1.tgz",
					"integrity": "sha1-juqz5U+laSD+Fro493+iGqzC104="
				},
				"process-nextick-args": {
					"version": "2.0.1",
					"resolved": "https://registry.npmjs.org/process-nextick-args/-/process-nextick-args-2.0.1.tgz",
					"integrity": "sha512-3ouUOpQhtgrbOa17J7+uxOTpITYWaGP7/AhoR3+A+/1e9skrzelGi/dXzEYyvbxubEF6Wn2ypscTKiKJFFn1ag=="
				},
				"promise": {
					"version": "8.0.3",
					"resolved": "https://registry.npmjs.org/promise/-/promise-8.0.3.tgz",
					"integrity": "sha512-HeRDUL1RJiLhyA0/grn+PTShlBAcLuh/1BJGtrvjwbvRDCTLLMEz9rOGCV+R3vHY4MixIuoMEd9Yq/XvsTPcjw==",
					"requires": {
						"asap": "~2.0.6"
					}
				},
				"qs": {
					"version": "6.9.0",
					"resolved": "https://registry.npmjs.org/qs/-/qs-6.9.0.tgz",
					"integrity": "sha512-27RP4UotQORTpmNQDX8BHPukOnBP3p1uUJY5UnDhaJB+rMt9iMsok724XL+UHU23bEFOHRMQ2ZhI99qOWUMGFA=="
				},
				"readable-stream": {
					"version": "2.3.6",
					"resolved": "https://registry.npmjs.org/readable-stream/-/readable-stream-2.3.6.tgz",
					"integrity": "sha512-tQtKA9WIAhBF3+VLAseyMqZeBjW0AHJoxOtYqSUZNJxauErmLbVm2FW1y+J/YA9dUrAC39ITejlZWhVIwawkKw==",
					"requires": {
						"core-util-is": "~1.0.0",
						"inherits": "~2.0.3",
						"isarray": "~1.0.0",
						"process-nextick-args": "~2.0.0",
						"safe-buffer": "~5.1.1",
						"string_decoder": "~1.1.1",
						"util-deprecate": "~1.0.1"
					}
				},
				"safe-buffer": {
					"version": "5.1.2",
					"resolved": "https://registry.npmjs.org/safe-buffer/-/safe-buffer-5.1.2.tgz",
					"integrity": "sha512-Gd2UZBJDkXlY7GbJxfsE8/nvKkUEU1G38c1siN6QP6a9PT9MmHB8GnpscSmMJSoF8LOIrt8ud/wPtojys4G6+g=="
				},
				"string_decoder": {
					"version": "1.1.1",
					"resolved": "https://registry.npmjs.org/string_decoder/-/string_decoder-1.1.1.tgz",
					"integrity": "sha512-n/ShnvDi6FHbbVfviro+WojiFzv+s8MPMHBczVePfUpDJLwoLT0ht1l4YwBCbi8pJAveEEdnkHyPyTP/mzRfwg==",
					"requires": {
						"safe-buffer": "~5.1.0"
					}
				},
				"sync-rpc": {
					"version": "1.3.6",
					"resolved": "https://registry.npmjs.org/sync-rpc/-/sync-rpc-1.3.6.tgz",
					"integrity": "sha512-J8jTXuZzRlvU7HemDgHi3pGnh/rkoqR/OZSjhTyyZrEkkYQbk7Z33AXp37mkPfPpfdOuj7Ex3H/TJM1z48uPQw==",
					"requires": {
						"get-port": "^3.1.0"
					}
				},
				"then-request": {
					"version": "6.0.2",
					"resolved": "https://registry.npmjs.org/then-request/-/then-request-6.0.2.tgz",
					"integrity": "sha512-3ZBiG7JvP3wbDzA9iNY5zJQcHL4jn/0BWtXIkagfz7QgOL/LqjCEOBQuJNZfu0XYnv5JhKh+cDxCPM4ILrqruA==",
					"requires": {
						"@types/concat-stream": "^1.6.0",
						"@types/form-data": "0.0.33",
						"@types/node": "^8.0.0",
						"@types/qs": "^6.2.31",
						"caseless": "~0.12.0",
						"concat-stream": "^1.6.0",
						"form-data": "^2.2.0",
						"http-basic": "^8.1.1",
						"http-response-object": "^3.0.1",
						"promise": "^8.0.0",
						"qs": "^6.4.0"
					},
					"dependencies": {
						"@types/node": {
							"version": "8.10.55",
							"resolved": "https://registry.npmjs.org/@types/node/-/node-8.10.55.tgz",
							"integrity": "sha512-iZeh1EgupfmAAOASk580R1SL5lWF3CsBVgVH0395qyNF8fhO16xy1UwAav2PdGxIIsYRn7RzJgMGjdsvam6YYg=="
						}
					}
				},
				"typedarray": {
					"version": "0.0.6",
					"resolved": "https://registry.npmjs.org/typedarray/-/typedarray-0.0.6.tgz",
					"integrity": "sha1-hnrHTjhkGHsdPUfZlqeOxciDB3c="
				},
				"util-deprecate": {
					"version": "1.0.2",
					"resolved": "https://registry.npmjs.org/util-deprecate/-/util-deprecate-1.0.2.tgz",
					"integrity": "sha1-RQ1Nyfpw3nMnYvvS1KKJgUGaDM8="
				}
			}
		}
	}
}
